// !$*UTF8*$!
{
	archiveVersion = 1;
	classes = {
	};
	objectVersion = 46;
	objects = {

/* Begin PBXBuildFile section */
		3E2A73381BF6D70400E3A886 /* PopoverController.m in Sources */ = {isa = PBXBuildFile; fileRef = 3E2A73371BF6D70400E3A886 /* PopoverController.m */; };
		3E2A73411BF99A7D00E3A886 /* LayoutModelTest.m in Sources */ = {isa = PBXBuildFile; fileRef = 3E2A73401BF99A7D00E3A886 /* LayoutModelTest.m */; };
		3E2A73441BF99ACE00E3A886 /* ScenarioTest.m in Sources */ = {isa = PBXBuildFile; fileRef = 3E2A73431BF99ACE00E3A886 /* ScenarioTest.m */; };
		3E2A73471BF99F9600E3A886 /* TestScenario.m in Sources */ = {isa = PBXBuildFile; fileRef = 3E2A73461BF99F9600E3A886 /* TestScenario.m */; };
		3E41F4E618BC8BB30059B96B /* TimetableViewController.m in Sources */ = {isa = PBXBuildFile; fileRef = 3E41F4E518BC8BB30059B96B /* TimetableViewController.m */; };
		3E41F4E818BC9AAC0059B96B /* timetable.html in Resources */ = {isa = PBXBuildFile; fileRef = 3E41F4E718BC9AAC0059B96B /* timetable.html */; };
		3E81D49C18BA8429001989A3 /* Foundation.framework in Frameworks */ = {isa = PBXBuildFile; fileRef = 3E81D49B18BA8429001989A3 /* Foundation.framework */; };
		3E81D49E18BA8429001989A3 /* CoreGraphics.framework in Frameworks */ = {isa = PBXBuildFile; fileRef = 3E81D49D18BA8429001989A3 /* CoreGraphics.framework */; };
		3E81D4A018BA8429001989A3 /* UIKit.framework in Frameworks */ = {isa = PBXBuildFile; fileRef = 3E81D49F18BA8429001989A3 /* UIKit.framework */; };
		3E81D4A618BA8429001989A3 /* InfoPlist.strings in Resources */ = {isa = PBXBuildFile; fileRef = 3E81D4A418BA8429001989A3 /* InfoPlist.strings */; };
		3E81D4A818BA8429001989A3 /* main.m in Sources */ = {isa = PBXBuildFile; fileRef = 3E81D4A718BA8429001989A3 /* main.m */; };
		3E81D4AC18BA8429001989A3 /* AppDelegate.m in Sources */ = {isa = PBXBuildFile; fileRef = 3E81D4AB18BA8429001989A3 /* AppDelegate.m */; };
		3E81D4B218BA8429001989A3 /* ViewController.m in Sources */ = {isa = PBXBuildFile; fileRef = 3E81D4B118BA8429001989A3 /* ViewController.m */; };
		3E81D4B418BA8429001989A3 /* Images.xcassets in Resources */ = {isa = PBXBuildFile; fileRef = 3E81D4B318BA8429001989A3 /* Images.xcassets */; };
		3E81D4BB18BA8429001989A3 /* XCTest.framework in Frameworks */ = {isa = PBXBuildFile; fileRef = 3E81D4BA18BA8429001989A3 /* XCTest.framework */; };
		3E81D4BC18BA8429001989A3 /* Foundation.framework in Frameworks */ = {isa = PBXBuildFile; fileRef = 3E81D49B18BA8429001989A3 /* Foundation.framework */; };
		3E81D4BD18BA8429001989A3 /* UIKit.framework in Frameworks */ = {isa = PBXBuildFile; fileRef = 3E81D49F18BA8429001989A3 /* UIKit.framework */; };
		3E81D4C518BA8429001989A3 /* InfoPlist.strings in Resources */ = {isa = PBXBuildFile; fileRef = 3E81D4C318BA8429001989A3 /* InfoPlist.strings */; };
		3E81D4D818BA84F9001989A3 /* blocked.wav in Resources */ = {isa = PBXBuildFile; fileRef = 3E81D4D018BA84F9001989A3 /* blocked.wav */; };
		3E81D4D918BA84F9001989A3 /* click.wav in Resources */ = {isa = PBXBuildFile; fileRef = 3E81D4D118BA84F9001989A3 /* click.wav */; };
		3E81D4DA18BA84F9001989A3 /* Default-568h@2x.png in Resources */ = {isa = PBXBuildFile; fileRef = 3E81D4D218BA84F9001989A3 /* Default-568h@2x.png */; };
		3E81D4DB18BA84F9001989A3 /* Default-Landscape~ipad.png in Resources */ = {isa = PBXBuildFile; fileRef = 3E81D4D318BA84F9001989A3 /* Default-Landscape~ipad.png */; };
		3E81D4DC18BA84F9001989A3 /* Default.png in Resources */ = {isa = PBXBuildFile; fileRef = 3E81D4D418BA84F9001989A3 /* Default.png */; };
		3E81D4DD18BA84F9001989A3 /* Default@2x.png in Resources */ = {isa = PBXBuildFile; fileRef = 3E81D4D518BA84F9001989A3 /* Default@2x.png */; };
		3E81D4EA18BA8544001989A3 /* Label.m in Sources */ = {isa = PBXBuildFile; fileRef = 3E81D4E318BA8544001989A3 /* Label.m */; };
		3E81D4EB18BA8544001989A3 /* LayoutModel.m in Sources */ = {isa = PBXBuildFile; fileRef = 3E81D4E518BA8544001989A3 /* LayoutModel.m */; };
		3E81D4EC18BA8544001989A3 /* LayoutView.m in Sources */ = {isa = PBXBuildFile; fileRef = 3E81D4E718BA8544001989A3 /* LayoutView.m */; };
		3E81D4ED18BA8544001989A3 /* LayoutViewController.m in Sources */ = {isa = PBXBuildFile; fileRef = 3E81D4E918BA8544001989A3 /* LayoutViewController.m */; };
		3E81D4F218BA854B001989A3 /* MainWindowViewController.m in Sources */ = {isa = PBXBuildFile; fileRef = 3E81D4EF18BA854B001989A3 /* MainWindowViewController.m */; };
		3E81D4F318BA854B001989A3 /* NamedPoint.m in Sources */ = {isa = PBXBuildFile; fileRef = 3E81D4F118BA854B001989A3 /* NamedPoint.m */; };
		3E81D4F518BA8552001989A3 /* Notes in Resources */ = {isa = PBXBuildFile; fileRef = 3E81D4F418BA8552001989A3 /* Notes */; };
		3E81D4FE18BA855A001989A3 /* Scenario.m in Sources */ = {isa = PBXBuildFile; fileRef = 3E81D4F918BA855A001989A3 /* Scenario.m */; };
		3E81D4FF18BA855A001989A3 /* Signal.m in Sources */ = {isa = PBXBuildFile; fileRef = 3E81D4FB18BA855A001989A3 /* Signal.m */; };
		3E81D50018BA855A001989A3 /* startingChime.wav in Resources */ = {isa = PBXBuildFile; fileRef = 3E81D4FC18BA855A001989A3 /* startingChime.wav */; };
		3E81D50318BA8560001989A3 /* Train.m in Sources */ = {isa = PBXBuildFile; fileRef = 3E81D50218BA8560001989A3 /* Train.m */; };
		3E81D50618BA8567001989A3 /* wikipedia-tower.png in Resources */ = {isa = PBXBuildFile; fileRef = 3E81D50418BA8567001989A3 /* wikipedia-tower.png */; };
		3E81D50718BA8567001989A3 /* wikipedia-tower.jpg in Resources */ = {isa = PBXBuildFile; fileRef = 3E81D50518BA8567001989A3 /* wikipedia-tower.jpg */; };
		3E89F50E1BFC0F8D00A27B64 /* Shellmound.plist in Resources */ = {isa = PBXBuildFile; fileRef = 3E89F50D1BFC0F8D00A27B64 /* Shellmound.plist */; };
		3E89F5131BFC564800A27B64 /* SantaCruz.plist in Resources */ = {isa = PBXBuildFile; fileRef = 3E89F5121BFC564800A27B64 /* SantaCruz.plist */; };
		3E89F5151BFC5F4800A27B64 /* FourthStreet.plist in Resources */ = {isa = PBXBuildFile; fileRef = 3E89F5141BFC5F4800A27B64 /* FourthStreet.plist */; };
		3E89F5181BFD32F600A27B64 /* AlertView.m in Sources */ = {isa = PBXBuildFile; fileRef = 3E89F5171BFD32F600A27B64 /* AlertView.m */; };
		3E89F51A1BFD35DF00A27B64 /* Cell.m in Sources */ = {isa = PBXBuildFile; fileRef = 3E89F5191BFD35DF00A27B64 /* Cell.m */; };
		3E89F51C1BFD564500A27B64 /* Cahill.plist in Resources */ = {isa = PBXBuildFile; fileRef = 3E89F51B1BFD564500A27B64 /* Cahill.plist */; };
		3E9383B118BC7621003354AE /* Main.storyboard in Resources */ = {isa = PBXBuildFile; fileRef = 3E81D4AD18BA8429001989A3 /* Main.storyboard */; };
		3E96C4CB1BFA6F5900AF795F /* ScenarioTableCell.m in Sources */ = {isa = PBXBuildFile; fileRef = 3E96C4CA1BFA6F5900AF795F /* ScenarioTableCell.m */; };
		3E96C4CE1BFA833400AF795F /* HelpViewController.m in Sources */ = {isa = PBXBuildFile; fileRef = 3E96C4CD1BFA833400AF795F /* HelpViewController.m */; };
/* End PBXBuildFile section */

/* Begin PBXContainerItemProxy section */
		3E81D4BE18BA8429001989A3 /* PBXContainerItemProxy */ = {
			isa = PBXContainerItemProxy;
			containerPortal = 3E81D49018BA8429001989A3 /* Project object */;
			proxyType = 1;
			remoteGlobalIDString = 3E81D49718BA8429001989A3;
			remoteInfo = SwitchTower;
		};
/* End PBXContainerItemProxy section */

/* Begin PBXFileReference section */
		3E2A73361BF6D70400E3A886 /* PopoverController.h */ = {isa = PBXFileReference; fileEncoding = 4; lastKnownFileType = sourcecode.c.h; path = PopoverController.h; sourceTree = "<group>"; };
		3E2A73371BF6D70400E3A886 /* PopoverController.m */ = {isa = PBXFileReference; fileEncoding = 4; lastKnownFileType = sourcecode.c.objc; path = PopoverController.m; sourceTree = "<group>"; };
		3E2A73391BF70B7B00E3A886 /* To Do */ = {isa = PBXFileReference; lastKnownFileType = text; path = "To Do"; sourceTree = "<group>"; };
		3E2A733A1BF7DC7D00E3A886 /* ShellmoundScenario.m */ = {isa = PBXFileReference; fileEncoding = 4; lastKnownFileType = sourcecode.c.objc; name = ShellmoundScenario.m; path = ../ShellmoundScenario.m; sourceTree = "<group>"; };
		3E2A733C1BF7DC9B00E3A886 /* ShellmoundScenario.h */ = {isa = PBXFileReference; lastKnownFileType = sourcecode.c.h; path = ShellmoundScenario.h; sourceTree = "<group>"; };
		3E2A733D1BF90E1400E3A886 /* SantaCruzScenario.h */ = {isa = PBXFileReference; fileEncoding = 4; lastKnownFileType = sourcecode.c.h; path = SantaCruzScenario.h; sourceTree = "<group>"; };
		3E2A73401BF99A7D00E3A886 /* LayoutModelTest.m */ = {isa = PBXFileReference; fileEncoding = 4; lastKnownFileType = sourcecode.c.objc; path = LayoutModelTest.m; sourceTree = "<group>"; };
		3E2A73431BF99ACE00E3A886 /* ScenarioTest.m */ = {isa = PBXFileReference; fileEncoding = 4; lastKnownFileType = sourcecode.c.objc; path = ScenarioTest.m; sourceTree = "<group>"; };
		3E2A73451BF99F9500E3A886 /* TestScenario.h */ = {isa = PBXFileReference; fileEncoding = 4; lastKnownFileType = sourcecode.c.h; path = TestScenario.h; sourceTree = "<group>"; };
		3E2A73461BF99F9600E3A886 /* TestScenario.m */ = {isa = PBXFileReference; fileEncoding = 4; lastKnownFileType = sourcecode.c.objc; path = TestScenario.m; sourceTree = "<group>"; };
		3E2A73481BF9C1B400E3A886 /* Base */ = {isa = PBXFileReference; lastKnownFileType = file.storyboard; name = Base; path = Base.lproj/Main.storyboard; sourceTree = "<group>"; };
		3E2A73491BF9C1E200E3A886 /* en */ = {isa = PBXFileReference; lastKnownFileType = text.plist.strings; name = en; path = en.lproj/Main.strings; sourceTree = "<group>"; };
		3E41F4E418BC8BB30059B96B /* TimetableViewController.h */ = {isa = PBXFileReference; fileEncoding = 4; lastKnownFileType = sourcecode.c.h; path = TimetableViewController.h; sourceTree = "<group>"; };
		3E41F4E518BC8BB30059B96B /* TimetableViewController.m */ = {isa = PBXFileReference; fileEncoding = 4; lastKnownFileType = sourcecode.c.objc; path = TimetableViewController.m; sourceTree = "<group>"; };
		3E41F4E718BC9AAC0059B96B /* timetable.html */ = {isa = PBXFileReference; fileEncoding = 4; lastKnownFileType = text.html; path = timetable.html; sourceTree = "<group>"; };
		3E81D49818BA8429001989A3 /* SwitchTower.app */ = {isa = PBXFileReference; explicitFileType = wrapper.application; includeInIndex = 0; path = SwitchTower.app; sourceTree = BUILT_PRODUCTS_DIR; };
		3E81D49B18BA8429001989A3 /* Foundation.framework */ = {isa = PBXFileReference; lastKnownFileType = wrapper.framework; name = Foundation.framework; path = System/Library/Frameworks/Foundation.framework; sourceTree = SDKROOT; };
		3E81D49D18BA8429001989A3 /* CoreGraphics.framework */ = {isa = PBXFileReference; lastKnownFileType = wrapper.framework; name = CoreGraphics.framework; path = System/Library/Frameworks/CoreGraphics.framework; sourceTree = SDKROOT; };
		3E81D49F18BA8429001989A3 /* UIKit.framework */ = {isa = PBXFileReference; lastKnownFileType = wrapper.framework; name = UIKit.framework; path = System/Library/Frameworks/UIKit.framework; sourceTree = SDKROOT; };
		3E81D4A318BA8429001989A3 /* SwitchTower-Info.plist */ = {isa = PBXFileReference; lastKnownFileType = text.plist.xml; path = "SwitchTower-Info.plist"; sourceTree = "<group>"; };
		3E81D4A518BA8429001989A3 /* en */ = {isa = PBXFileReference; lastKnownFileType = text.plist.strings; name = en; path = en.lproj/InfoPlist.strings; sourceTree = "<group>"; };
		3E81D4A718BA8429001989A3 /* main.m */ = {isa = PBXFileReference; lastKnownFileType = sourcecode.c.objc; path = main.m; sourceTree = "<group>"; };
		3E81D4A918BA8429001989A3 /* SwitchTower-Prefix.pch */ = {isa = PBXFileReference; lastKnownFileType = sourcecode.c.h; path = "SwitchTower-Prefix.pch"; sourceTree = "<group>"; };
		3E81D4AA18BA8429001989A3 /* AppDelegate.h */ = {isa = PBXFileReference; lastKnownFileType = sourcecode.c.h; path = AppDelegate.h; sourceTree = "<group>"; };
		3E81D4AB18BA8429001989A3 /* AppDelegate.m */ = {isa = PBXFileReference; lastKnownFileType = sourcecode.c.objc; path = AppDelegate.m; sourceTree = "<group>"; };
		3E81D4B018BA8429001989A3 /* ViewController.h */ = {isa = PBXFileReference; lastKnownFileType = sourcecode.c.h; path = ViewController.h; sourceTree = "<group>"; };
		3E81D4B118BA8429001989A3 /* ViewController.m */ = {isa = PBXFileReference; lastKnownFileType = sourcecode.c.objc; path = ViewController.m; sourceTree = "<group>"; };
		3E81D4B318BA8429001989A3 /* Images.xcassets */ = {isa = PBXFileReference; lastKnownFileType = folder.assetcatalog; path = Images.xcassets; sourceTree = "<group>"; };
		3E81D4B918BA8429001989A3 /* SwitchTowerTests.xctest */ = {isa = PBXFileReference; explicitFileType = wrapper.cfbundle; includeInIndex = 0; path = SwitchTowerTests.xctest; sourceTree = BUILT_PRODUCTS_DIR; };
		3E81D4BA18BA8429001989A3 /* XCTest.framework */ = {isa = PBXFileReference; lastKnownFileType = wrapper.framework; name = XCTest.framework; path = Library/Frameworks/XCTest.framework; sourceTree = DEVELOPER_DIR; };
		3E81D4C218BA8429001989A3 /* SwitchTowerTests-Info.plist */ = {isa = PBXFileReference; lastKnownFileType = text.plist.xml; path = "SwitchTowerTests-Info.plist"; sourceTree = "<group>"; };
		3E81D4C418BA8429001989A3 /* en */ = {isa = PBXFileReference; lastKnownFileType = text.plist.strings; name = en; path = en.lproj/InfoPlist.strings; sourceTree = "<group>"; };
		3E81D4D018BA84F9001989A3 /* blocked.wav */ = {isa = PBXFileReference; lastKnownFileType = audio.wav; path = blocked.wav; sourceTree = "<group>"; };
		3E81D4D118BA84F9001989A3 /* click.wav */ = {isa = PBXFileReference; lastKnownFileType = audio.wav; path = click.wav; sourceTree = "<group>"; };
		3E81D4D218BA84F9001989A3 /* Default-568h@2x.png */ = {isa = PBXFileReference; lastKnownFileType = image.png; path = "Default-568h@2x.png"; sourceTree = "<group>"; };
		3E81D4D318BA84F9001989A3 /* Default-Landscape~ipad.png */ = {isa = PBXFileReference; lastKnownFileType = image.png; path = "Default-Landscape~ipad.png"; sourceTree = "<group>"; };
		3E81D4D418BA84F9001989A3 /* Default.png */ = {isa = PBXFileReference; lastKnownFileType = image.png; path = Default.png; sourceTree = "<group>"; };
		3E81D4D518BA84F9001989A3 /* Default@2x.png */ = {isa = PBXFileReference; lastKnownFileType = image.png; path = "Default@2x.png"; sourceTree = "<group>"; };
		3E81D4D618BA84F9001989A3 /* DiridonScenario.h */ = {isa = PBXFileReference; fileEncoding = 4; lastKnownFileType = sourcecode.c.h; path = DiridonScenario.h; sourceTree = "<group>"; };
		3E81D4DF18BA853B001989A3 /* FourthStreetScenario.h */ = {isa = PBXFileReference; fileEncoding = 4; lastKnownFileType = sourcecode.c.h; path = FourthStreetScenario.h; sourceTree = "<group>"; };
		3E81D4E018BA853B001989A3 /* FourthStreetScenario.m */ = {isa = PBXFileReference; fileEncoding = 4; lastKnownFileType = sourcecode.c.objc; path = FourthStreetScenario.m; sourceTree = "<group>"; };
		3E81D4E218BA8544001989A3 /* Label.h */ = {isa = PBXFileReference; fileEncoding = 4; lastKnownFileType = sourcecode.c.h; path = Label.h; sourceTree = "<group>"; };
		3E81D4E318BA8544001989A3 /* Label.m */ = {isa = PBXFileReference; fileEncoding = 4; lastKnownFileType = sourcecode.c.objc; path = Label.m; sourceTree = "<group>"; };
		3E81D4E418BA8544001989A3 /* LayoutModel.h */ = {isa = PBXFileReference; fileEncoding = 4; lastKnownFileType = sourcecode.c.h; path = LayoutModel.h; sourceTree = "<group>"; };
		3E81D4E518BA8544001989A3 /* LayoutModel.m */ = {isa = PBXFileReference; fileEncoding = 4; lastKnownFileType = sourcecode.c.objc; path = LayoutModel.m; sourceTree = "<group>"; };
		3E81D4E618BA8544001989A3 /* LayoutView.h */ = {isa = PBXFileReference; fileEncoding = 4; lastKnownFileType = sourcecode.c.h; path = LayoutView.h; sourceTree = "<group>"; };
		3E81D4E718BA8544001989A3 /* LayoutView.m */ = {isa = PBXFileReference; fileEncoding = 4; lastKnownFileType = sourcecode.c.objc; path = LayoutView.m; sourceTree = "<group>"; };
		3E81D4E818BA8544001989A3 /* LayoutViewController.h */ = {isa = PBXFileReference; fileEncoding = 4; lastKnownFileType = sourcecode.c.h; path = LayoutViewController.h; sourceTree = "<group>"; };
		3E81D4E918BA8544001989A3 /* LayoutViewController.m */ = {isa = PBXFileReference; fileEncoding = 4; lastKnownFileType = sourcecode.c.objc; path = LayoutViewController.m; sourceTree = "<group>"; };
		3E81D4EE18BA854B001989A3 /* MainWindowViewController.h */ = {isa = PBXFileReference; fileEncoding = 4; lastKnownFileType = sourcecode.c.h; path = MainWindowViewController.h; sourceTree = "<group>"; };
		3E81D4EF18BA854B001989A3 /* MainWindowViewController.m */ = {isa = PBXFileReference; fileEncoding = 4; lastKnownFileType = sourcecode.c.objc; path = MainWindowViewController.m; sourceTree = "<group>"; };
		3E81D4F018BA854B001989A3 /* NamedPoint.h */ = {isa = PBXFileReference; fileEncoding = 4; lastKnownFileType = sourcecode.c.h; path = NamedPoint.h; sourceTree = "<group>"; };
		3E81D4F118BA854B001989A3 /* NamedPoint.m */ = {isa = PBXFileReference; fileEncoding = 4; lastKnownFileType = sourcecode.c.objc; path = NamedPoint.m; sourceTree = "<group>"; };
		3E81D4F418BA8552001989A3 /* Notes */ = {isa = PBXFileReference; fileEncoding = 4; lastKnownFileType = text; path = Notes; sourceTree = "<group>"; };
		3E81D4F618BA855A001989A3 /* PenzanceScenario.h */ = {isa = PBXFileReference; fileEncoding = 4; lastKnownFileType = sourcecode.c.h; path = PenzanceScenario.h; sourceTree = "<group>"; };
		3E81D4F718BA855A001989A3 /* PenzanceScenario.m */ = {isa = PBXFileReference; fileEncoding = 4; lastKnownFileType = sourcecode.c.objc; path = PenzanceScenario.m; sourceTree = "<group>"; };
		3E81D4F818BA855A001989A3 /* Scenario.h */ = {isa = PBXFileReference; fileEncoding = 4; lastKnownFileType = sourcecode.c.h; path = Scenario.h; sourceTree = "<group>"; };
		3E81D4F918BA855A001989A3 /* Scenario.m */ = {isa = PBXFileReference; fileEncoding = 4; lastKnownFileType = sourcecode.c.objc; path = Scenario.m; sourceTree = "<group>"; };
		3E81D4FA18BA855A001989A3 /* Signal.h */ = {isa = PBXFileReference; fileEncoding = 4; lastKnownFileType = sourcecode.c.h; path = Signal.h; sourceTree = "<group>"; };
		3E81D4FB18BA855A001989A3 /* Signal.m */ = {isa = PBXFileReference; fileEncoding = 4; lastKnownFileType = sourcecode.c.objc; path = Signal.m; sourceTree = "<group>"; };
		3E81D4FC18BA855A001989A3 /* startingChime.wav */ = {isa = PBXFileReference; lastKnownFileType = audio.wav; path = startingChime.wav; sourceTree = "<group>"; };
		3E81D50118BA8560001989A3 /* Train.h */ = {isa = PBXFileReference; fileEncoding = 4; lastKnownFileType = sourcecode.c.h; path = Train.h; sourceTree = "<group>"; };
		3E81D50218BA8560001989A3 /* Train.m */ = {isa = PBXFileReference; fileEncoding = 4; lastKnownFileType = sourcecode.c.objc; path = Train.m; sourceTree = "<group>"; };
		3E81D50418BA8567001989A3 /* wikipedia-tower.png */ = {isa = PBXFileReference; lastKnownFileType = image.png; path = "wikipedia-tower.png"; sourceTree = "<group>"; };
		3E81D50518BA8567001989A3 /* wikipedia-tower.jpg */ = {isa = PBXFileReference; lastKnownFileType = image.jpeg; path = "wikipedia-tower.jpg"; sourceTree = "<group>"; };
		3E89F50D1BFC0F8D00A27B64 /* Shellmound.plist */ = {isa = PBXFileReference; fileEncoding = 4; lastKnownFileType = text.plist.xml; path = Shellmound.plist; sourceTree = "<group>"; };
		3E89F50F1BFC1DA900A27B64 /* Cell.h */ = {isa = PBXFileReference; lastKnownFileType = sourcecode.c.h; path = Cell.h; sourceTree = "<group>"; };
		3E89F5121BFC564800A27B64 /* SantaCruz.plist */ = {isa = PBXFileReference; fileEncoding = 4; lastKnownFileType = text.plist.xml; path = SantaCruz.plist; sourceTree = "<group>"; };
		3E89F5141BFC5F4800A27B64 /* FourthStreet.plist */ = {isa = PBXFileReference; fileEncoding = 4; lastKnownFileType = text.plist.xml; path = FourthStreet.plist; sourceTree = "<group>"; };
		3E89F5161BFD32F600A27B64 /* AlertView.h */ = {isa = PBXFileReference; fileEncoding = 4; lastKnownFileType = sourcecode.c.h; path = AlertView.h; sourceTree = "<group>"; };
		3E89F5171BFD32F600A27B64 /* AlertView.m */ = {isa = PBXFileReference; fileEncoding = 4; lastKnownFileType = sourcecode.c.objc; path = AlertView.m; sourceTree = "<group>"; };
		3E89F5191BFD35DF00A27B64 /* Cell.m */ = {isa = PBXFileReference; fileEncoding = 4; lastKnownFileType = sourcecode.c.objc; name = Cell.m; path = ../Cell.m; sourceTree = "<group>"; };
		3E89F51B1BFD564500A27B64 /* Cahill.plist */ = {isa = PBXFileReference; fileEncoding = 4; lastKnownFileType = text.plist.xml; path = Cahill.plist; sourceTree = "<group>"; };
		3E96C4C91BFA6F5900AF795F /* ScenarioTableCell.h */ = {isa = PBXFileReference; fileEncoding = 4; lastKnownFileType = sourcecode.c.h; path = ScenarioTableCell.h; sourceTree = "<group>"; };
		3E96C4CA1BFA6F5900AF795F /* ScenarioTableCell.m */ = {isa = PBXFileReference; fileEncoding = 4; lastKnownFileType = sourcecode.c.objc; path = ScenarioTableCell.m; sourceTree = "<group>"; };
		3E96C4CC1BFA833400AF795F /* HelpViewController.h */ = {isa = PBXFileReference; fileEncoding = 4; lastKnownFileType = sourcecode.c.h; path = HelpViewController.h; sourceTree = "<group>"; };
		3E96C4CD1BFA833400AF795F /* HelpViewController.m */ = {isa = PBXFileReference; fileEncoding = 4; lastKnownFileType = sourcecode.c.objc; path = HelpViewController.m; sourceTree = "<group>"; };
/* End PBXFileReference section */

/* Begin PBXFrameworksBuildPhase section */
		3E81D49518BA8429001989A3 /* Frameworks */ = {
			isa = PBXFrameworksBuildPhase;
			buildActionMask = 2147483647;
			files = (
				3E81D49E18BA8429001989A3 /* CoreGraphics.framework in Frameworks */,
				3E81D4A018BA8429001989A3 /* UIKit.framework in Frameworks */,
				3E81D49C18BA8429001989A3 /* Foundation.framework in Frameworks */,
			);
			runOnlyForDeploymentPostprocessing = 0;
		};
		3E81D4B618BA8429001989A3 /* Frameworks */ = {
			isa = PBXFrameworksBuildPhase;
			buildActionMask = 2147483647;
			files = (
				3E81D4BB18BA8429001989A3 /* XCTest.framework in Frameworks */,
				3E81D4BD18BA8429001989A3 /* UIKit.framework in Frameworks */,
				3E81D4BC18BA8429001989A3 /* Foundation.framework in Frameworks */,
			);
			runOnlyForDeploymentPostprocessing = 0;
		};
/* End PBXFrameworksBuildPhase section */

/* Begin PBXGroup section */
		3E2A73421BF99A8700E3A886 /* Test */ = {
			isa = PBXGroup;
			children = (
				3E2A73401BF99A7D00E3A886 /* LayoutModelTest.m */,
				3E2A73431BF99ACE00E3A886 /* ScenarioTest.m */,
				3E2A73451BF99F9500E3A886 /* TestScenario.h */,
				3E2A73461BF99F9600E3A886 /* TestScenario.m */,
			);
			name = Test;
			sourceTree = "<group>";
		};
		3E81D48F18BA8429001989A3 = {
			isa = PBXGroup;
			children = (
				3E2A73391BF70B7B00E3A886 /* To Do */,
				3E81D50818BA8A2C001989A3 /* Scenarios */,
				3E81D4A118BA8429001989A3 /* SwitchTower */,
				3E81D4C018BA8429001989A3 /* SwitchTowerTests */,
				3E81D49A18BA8429001989A3 /* Frameworks */,
				3E81D49918BA8429001989A3 /* Products */,
			);
			sourceTree = "<group>";
		};
		3E81D49918BA8429001989A3 /* Products */ = {
			isa = PBXGroup;
			children = (
				3E81D49818BA8429001989A3 /* SwitchTower.app */,
				3E81D4B918BA8429001989A3 /* SwitchTowerTests.xctest */,
			);
			name = Products;
			sourceTree = "<group>";
		};
		3E81D49A18BA8429001989A3 /* Frameworks */ = {
			isa = PBXGroup;
			children = (
				3E81D49B18BA8429001989A3 /* Foundation.framework */,
				3E81D49D18BA8429001989A3 /* CoreGraphics.framework */,
				3E81D49F18BA8429001989A3 /* UIKit.framework */,
				3E81D4BA18BA8429001989A3 /* XCTest.framework */,
			);
			name = Frameworks;
			sourceTree = "<group>";
		};
		3E81D4A118BA8429001989A3 /* SwitchTower */ = {
			isa = PBXGroup;
			children = (
				3E89F5161BFD32F600A27B64 /* AlertView.h */,
				3E89F5171BFD32F600A27B64 /* AlertView.m */,
				3E81D4AA18BA8429001989A3 /* AppDelegate.h */,
				3E81D4AB18BA8429001989A3 /* AppDelegate.m */,
				3E89F50F1BFC1DA900A27B64 /* Cell.h */,
				3E89F5191BFD35DF00A27B64 /* Cell.m */,
				3E96C4CC1BFA833400AF795F /* HelpViewController.h */,
				3E96C4CD1BFA833400AF795F /* HelpViewController.m */,
				3E81D4E218BA8544001989A3 /* Label.h */,
				3E81D4E318BA8544001989A3 /* Label.m */,
				3E81D4E618BA8544001989A3 /* LayoutView.h */,
				3E81D4E718BA8544001989A3 /* LayoutView.m */,
				3E81D4E818BA8544001989A3 /* LayoutViewController.h */,
				3E81D4E918BA8544001989A3 /* LayoutViewController.m */,
				3E81D4EE18BA854B001989A3 /* MainWindowViewController.h */,
				3E81D4EF18BA854B001989A3 /* MainWindowViewController.m */,
				3E81D4E418BA8544001989A3 /* LayoutModel.h */,
				3E81D4E518BA8544001989A3 /* LayoutModel.m */,
				3E81D4F018BA854B001989A3 /* NamedPoint.h */,
				3E81D4F118BA854B001989A3 /* NamedPoint.m */,
				3E2A73361BF6D70400E3A886 /* PopoverController.h */,
				3E2A73371BF6D70400E3A886 /* PopoverController.m */,
				3E81D4F818BA855A001989A3 /* Scenario.h */,
				3E81D4F918BA855A001989A3 /* Scenario.m */,
				3E96C4C91BFA6F5900AF795F /* ScenarioTableCell.h */,
				3E96C4CA1BFA6F5900AF795F /* ScenarioTableCell.m */,
				3E81D4FA18BA855A001989A3 /* Signal.h */,
				3E81D4FB18BA855A001989A3 /* Signal.m */,
				3E41F4E418BC8BB30059B96B /* TimetableViewController.h */,
				3E41F4E518BC8BB30059B96B /* TimetableViewController.m */,
				3E81D50118BA8560001989A3 /* Train.h */,
				3E81D50218BA8560001989A3 /* Train.m */,
				3E81D4B018BA8429001989A3 /* ViewController.h */,
				3E81D4B118BA8429001989A3 /* ViewController.m */,
				3E81D4F418BA8552001989A3 /* Notes */,
				3E2A73421BF99A8700E3A886 /* Test */,
				3E81D4A218BA8429001989A3 /* Supporting Files */,
			);
			path = SwitchTower;
			sourceTree = "<group>";
		};
		3E81D4A218BA8429001989A3 /* Supporting Files */ = {
			isa = PBXGroup;
			children = (
				3E81D4AD18BA8429001989A3 /* Main.storyboard */,
				3E41F4E718BC9AAC0059B96B /* timetable.html */,
				3E81D4D018BA84F9001989A3 /* blocked.wav */,
				3E81D4D118BA84F9001989A3 /* click.wav */,
				3E81D4D218BA84F9001989A3 /* Default-568h@2x.png */,
				3E81D4D318BA84F9001989A3 /* Default-Landscape~ipad.png */,
				3E81D4D418BA84F9001989A3 /* Default.png */,
				3E81D4D518BA84F9001989A3 /* Default@2x.png */,
				3E81D4B318BA8429001989A3 /* Images.xcassets */,
				3E81D4FC18BA855A001989A3 /* startingChime.wav */,
				3E81D50418BA8567001989A3 /* wikipedia-tower.png */,
				3E81D50518BA8567001989A3 /* wikipedia-tower.jpg */,
				3E81D4A318BA8429001989A3 /* SwitchTower-Info.plist */,
				3E81D4A418BA8429001989A3 /* InfoPlist.strings */,
				3E81D4A718BA8429001989A3 /* main.m */,
				3E81D4A918BA8429001989A3 /* SwitchTower-Prefix.pch */,
			);
			name = "Supporting Files";
			sourceTree = "<group>";
		};
		3E81D4C018BA8429001989A3 /* SwitchTowerTests */ = {
			isa = PBXGroup;
			children = (
				3E81D4C118BA8429001989A3 /* Supporting Files */,
			);
			path = SwitchTowerTests;
			sourceTree = "<group>";
		};
		3E81D4C118BA8429001989A3 /* Supporting Files */ = {
			isa = PBXGroup;
			children = (
				3E81D4C218BA8429001989A3 /* SwitchTowerTests-Info.plist */,
				3E81D4C318BA8429001989A3 /* InfoPlist.strings */,
			);
			name = "Supporting Files";
			sourceTree = "<group>";
		};
		3E81D50818BA8A2C001989A3 /* Scenarios */ = {
			isa = PBXGroup;
			children = (
				3E81D4D618BA84F9001989A3 /* DiridonScenario.h */,
				3E89F51B1BFD564500A27B64 /* Cahill.plist */,
				3E81D4DF18BA853B001989A3 /* FourthStreetScenario.h */,
				3E81D4E018BA853B001989A3 /* FourthStreetScenario.m */,
				3E89F5141BFC5F4800A27B64 /* FourthStreet.plist */,
				3E81D4F618BA855A001989A3 /* PenzanceScenario.h */,
				3E81D4F718BA855A001989A3 /* PenzanceScenario.m */,
				3E2A733C1BF7DC9B00E3A886 /* ShellmoundScenario.h */,
				3E2A733A1BF7DC7D00E3A886 /* ShellmoundScenario.m */,
				3E89F50D1BFC0F8D00A27B64 /* Shellmound.plist */,
				3E2A733D1BF90E1400E3A886 /* SantaCruzScenario.h */,
				3E89F5121BFC564800A27B64 /* SantaCruz.plist */,
			);
			name = Scenarios;
			path = SwitchTower;
			sourceTree = "<group>";
		};
/* End PBXGroup section */

/* Begin PBXNativeTarget section */
		3E81D49718BA8429001989A3 /* SwitchTower */ = {
			isa = PBXNativeTarget;
			buildConfigurationList = 3E81D4CA18BA842A001989A3 /* Build configuration list for PBXNativeTarget "SwitchTower" */;
			buildPhases = (
				3E81D49418BA8429001989A3 /* Sources */,
				3E81D49518BA8429001989A3 /* Frameworks */,
				3E81D49618BA8429001989A3 /* Resources */,
			);
			buildRules = (
			);
			dependencies = (
			);
			name = SwitchTower;
			productName = SwitchTower;
			productReference = 3E81D49818BA8429001989A3 /* SwitchTower.app */;
			productType = "com.apple.product-type.application";
		};
		3E81D4B818BA8429001989A3 /* SwitchTowerTests */ = {
			isa = PBXNativeTarget;
			buildConfigurationList = 3E81D4CD18BA842A001989A3 /* Build configuration list for PBXNativeTarget "SwitchTowerTests" */;
			buildPhases = (
				3E81D4B518BA8429001989A3 /* Sources */,
				3E81D4B618BA8429001989A3 /* Frameworks */,
				3E81D4B718BA8429001989A3 /* Resources */,
			);
			buildRules = (
			);
			dependencies = (
				3E81D4BF18BA8429001989A3 /* PBXTargetDependency */,
			);
			name = SwitchTowerTests;
			productName = SwitchTowerTests;
			productReference = 3E81D4B918BA8429001989A3 /* SwitchTowerTests.xctest */;
			productType = "com.apple.product-type.bundle.unit-test";
		};
/* End PBXNativeTarget section */

/* Begin PBXProject section */
		3E81D49018BA8429001989A3 /* Project object */ = {
			isa = PBXProject;
			attributes = {
				LastUpgradeCheck = 0710;
				ORGANIZATIONNAME = bowdidge;
				TargetAttributes = {
					3E81D49718BA8429001989A3 = {
						DevelopmentTeam = PRKJWD6X23;
					};
					3E81D4B818BA8429001989A3 = {
						TestTargetID = 3E81D49718BA8429001989A3;
					};
				};
			};
			buildConfigurationList = 3E81D49318BA8429001989A3 /* Build configuration list for PBXProject "SwitchTower" */;
			compatibilityVersion = "Xcode 3.2";
			developmentRegion = English;
			hasScannedForEncodings = 0;
			knownRegions = (
				en,
				Base,
			);
			mainGroup = 3E81D48F18BA8429001989A3;
			productRefGroup = 3E81D49918BA8429001989A3 /* Products */;
			projectDirPath = "";
			projectRoot = "";
			targets = (
				3E81D49718BA8429001989A3 /* SwitchTower */,
				3E81D4B818BA8429001989A3 /* SwitchTowerTests */,
			);
		};
/* End PBXProject section */

/* Begin PBXResourcesBuildPhase section */
		3E81D49618BA8429001989A3 /* Resources */ = {
			isa = PBXResourcesBuildPhase;
			buildActionMask = 2147483647;
			files = (
				3E9383B118BC7621003354AE /* Main.storyboard in Resources */,
				3E81D4DB18BA84F9001989A3 /* Default-Landscape~ipad.png in Resources */,
				3E81D4B418BA8429001989A3 /* Images.xcassets in Resources */,
				3E89F51C1BFD564500A27B64 /* Cahill.plist in Resources */,
				3E81D4A618BA8429001989A3 /* InfoPlist.strings in Resources */,
				3E89F50E1BFC0F8D00A27B64 /* Shellmound.plist in Resources */,
				3E89F5131BFC564800A27B64 /* SantaCruz.plist in Resources */,
				3E81D50718BA8567001989A3 /* wikipedia-tower.jpg in Resources */,
				3E81D50618BA8567001989A3 /* wikipedia-tower.png in Resources */,
				3E41F4E818BC9AAC0059B96B /* timetable.html in Resources */,
				3E81D4DD18BA84F9001989A3 /* Default@2x.png in Resources */,
				3E81D4DC18BA84F9001989A3 /* Default.png in Resources */,
				3E81D4D918BA84F9001989A3 /* click.wav in Resources */,
				3E81D4F518BA8552001989A3 /* Notes in Resources */,
				3E81D4D818BA84F9001989A3 /* blocked.wav in Resources */,
				3E89F5151BFC5F4800A27B64 /* FourthStreet.plist in Resources */,
				3E81D4DA18BA84F9001989A3 /* Default-568h@2x.png in Resources */,
				3E81D50018BA855A001989A3 /* startingChime.wav in Resources */,
			);
			runOnlyForDeploymentPostprocessing = 0;
		};
		3E81D4B718BA8429001989A3 /* Resources */ = {
			isa = PBXResourcesBuildPhase;
			buildActionMask = 2147483647;
			files = (
				3E81D4C518BA8429001989A3 /* InfoPlist.strings in Resources */,
			);
			runOnlyForDeploymentPostprocessing = 0;
		};
/* End PBXResourcesBuildPhase section */

/* Begin PBXSourcesBuildPhase section */
		3E81D49418BA8429001989A3 /* Sources */ = {
			isa = PBXSourcesBuildPhase;
			buildActionMask = 2147483647;
			files = (
				3E81D4EC18BA8544001989A3 /* LayoutView.m in Sources */,
				3E81D4EA18BA8544001989A3 /* Label.m in Sources */,
				3E2A73381BF6D70400E3A886 /* PopoverController.m in Sources */,
				3E96C4CE1BFA833400AF795F /* HelpViewController.m in Sources */,
				3E81D4B218BA8429001989A3 /* ViewController.m in Sources */,
				3E81D50318BA8560001989A3 /* Train.m in Sources */,
				3E96C4CB1BFA6F5900AF795F /* ScenarioTableCell.m in Sources */,
				3E81D4FF18BA855A001989A3 /* Signal.m in Sources */,
				3E81D4FE18BA855A001989A3 /* Scenario.m in Sources */,
				3E89F5181BFD32F600A27B64 /* AlertView.m in Sources */,
				3E81D4F318BA854B001989A3 /* NamedPoint.m in Sources */,
				3E81D4AC18BA8429001989A3 /* AppDelegate.m in Sources */,
				3E41F4E618BC8BB30059B96B /* TimetableViewController.m in Sources */,
				3E81D4A818BA8429001989A3 /* main.m in Sources */,
				3E81D4EB18BA8544001989A3 /* LayoutModel.m in Sources */,
				3E81D4ED18BA8544001989A3 /* LayoutViewController.m in Sources */,
				3E81D4F218BA854B001989A3 /* MainWindowViewController.m in Sources */,
				3E89F51A1BFD35DF00A27B64 /* Cell.m in Sources */,
			);
			runOnlyForDeploymentPostprocessing = 0;
		};
		3E81D4B518BA8429001989A3 /* Sources */ = {
			isa = PBXSourcesBuildPhase;
			buildActionMask = 2147483647;
			files = (
				3E2A73441BF99ACE00E3A886 /* ScenarioTest.m in Sources */,
				3E2A73471BF99F9600E3A886 /* TestScenario.m in Sources */,
				3E2A73411BF99A7D00E3A886 /* LayoutModelTest.m in Sources */,
			);
			runOnlyForDeploymentPostprocessing = 0;
		};
/* End PBXSourcesBuildPhase section */

/* Begin PBXTargetDependency section */
		3E81D4BF18BA8429001989A3 /* PBXTargetDependency */ = {
			isa = PBXTargetDependency;
			target = 3E81D49718BA8429001989A3 /* SwitchTower */;
			targetProxy = 3E81D4BE18BA8429001989A3 /* PBXContainerItemProxy */;
		};
/* End PBXTargetDependency section */

/* Begin PBXVariantGroup section */
		3E81D4A418BA8429001989A3 /* InfoPlist.strings */ = {
			isa = PBXVariantGroup;
			children = (
				3E81D4A518BA8429001989A3 /* en */,
			);
			name = InfoPlist.strings;
			sourceTree = "<group>";
		};
		3E81D4AD18BA8429001989A3 /* Main.storyboard */ = {
			isa = PBXVariantGroup;
			children = (
				3E2A73481BF9C1B400E3A886 /* Base */,
				3E2A73491BF9C1E200E3A886 /* en */,
			);
			name = Main.storyboard;
			sourceTree = "<group>";
		};
		3E81D4C318BA8429001989A3 /* InfoPlist.strings */ = {
			isa = PBXVariantGroup;
			children = (
				3E81D4C418BA8429001989A3 /* en */,
			);
			name = InfoPlist.strings;
			sourceTree = "<group>";
		};
/* End PBXVariantGroup section */

/* Begin XCBuildConfiguration section */
		3E81D4C818BA842A001989A3 /* Debug */ = {
			isa = XCBuildConfiguration;
			buildSettings = {
				ALWAYS_SEARCH_USER_PATHS = NO;
				CLANG_CXX_LANGUAGE_STANDARD = "gnu++0x";
				CLANG_CXX_LIBRARY = "libc++";
				CLANG_ENABLE_MODULES = YES;
				CLANG_ENABLE_OBJC_ARC = YES;
				CLANG_WARN_BOOL_CONVERSION = YES;
				CLANG_WARN_CONSTANT_CONVERSION = YES;
				CLANG_WARN_DIRECT_OBJC_ISA_USAGE = YES_ERROR;
				CLANG_WARN_EMPTY_BODY = YES;
				CLANG_WARN_ENUM_CONVERSION = YES;
				CLANG_WARN_INT_CONVERSION = YES;
				CLANG_WARN_OBJC_ROOT_CLASS = YES_ERROR;
				CLANG_WARN__DUPLICATE_METHOD_MATCH = YES;
				"CODE_SIGN_IDENTITY[sdk=iphoneos*]" = "iPhone Developer";
				COPY_PHASE_STRIP = NO;
				ENABLE_TESTABILITY = YES;
				GCC_C_LANGUAGE_STANDARD = gnu99;
				GCC_DYNAMIC_NO_PIC = NO;
				GCC_OPTIMIZATION_LEVEL = 0;
				GCC_PREPROCESSOR_DEFINITIONS = (
					"DEBUG=1",
					"$(inherited)",
				);
				GCC_SYMBOLS_PRIVATE_EXTERN = NO;
				GCC_WARN_64_TO_32_BIT_CONVERSION = YES;
				GCC_WARN_ABOUT_RETURN_TYPE = YES_ERROR;
				GCC_WARN_UNDECLARED_SELECTOR = YES;
				GCC_WARN_UNINITIALIZED_AUTOS = YES;
				GCC_WARN_UNUSED_FUNCTION = YES;
				GCC_WARN_UNUSED_VARIABLE = YES;
				IPHONEOS_DEPLOYMENT_TARGET = 7.0;
				ONLY_ACTIVE_ARCH = YES;
				SDKROOT = iphoneos;
				TARGETED_DEVICE_FAMILY = 2;
			};
			name = Debug;
		};
		3E81D4C918BA842A001989A3 /* Release */ = {
			isa = XCBuildConfiguration;
			buildSettings = {
				ALWAYS_SEARCH_USER_PATHS = NO;
				CLANG_CXX_LANGUAGE_STANDARD = "gnu++0x";
				CLANG_CXX_LIBRARY = "libc++";
				CLANG_ENABLE_MODULES = YES;
				CLANG_ENABLE_OBJC_ARC = YES;
				CLANG_WARN_BOOL_CONVERSION = YES;
				CLANG_WARN_CONSTANT_CONVERSION = YES;
				CLANG_WARN_DIRECT_OBJC_ISA_USAGE = YES_ERROR;
				CLANG_WARN_EMPTY_BODY = YES;
				CLANG_WARN_ENUM_CONVERSION = YES;
				CLANG_WARN_INT_CONVERSION = YES;
				CLANG_WARN_OBJC_ROOT_CLASS = YES_ERROR;
				CLANG_WARN__DUPLICATE_METHOD_MATCH = YES;
				"CODE_SIGN_IDENTITY[sdk=iphoneos*]" = "iPhone Developer";
				COPY_PHASE_STRIP = YES;
				ENABLE_NS_ASSERTIONS = NO;
				GCC_C_LANGUAGE_STANDARD = gnu99;
				GCC_WARN_64_TO_32_BIT_CONVERSION = YES;
				GCC_WARN_ABOUT_RETURN_TYPE = YES_ERROR;
				GCC_WARN_UNDECLARED_SELECTOR = YES;
				GCC_WARN_UNINITIALIZED_AUTOS = YES;
				GCC_WARN_UNUSED_FUNCTION = YES;
				GCC_WARN_UNUSED_VARIABLE = YES;
				IPHONEOS_DEPLOYMENT_TARGET = 7.0;
				SDKROOT = iphoneos;
				TARGETED_DEVICE_FAMILY = 2;
				VALIDATE_PRODUCT = YES;
			};
			name = Release;
		};
		3E81D4CB18BA842A001989A3 /* Debug */ = {
			isa = XCBuildConfiguration;
			buildSettings = {
				ASSETCATALOG_COMPILER_APPICON_NAME = AppIcon;
				ASSETCATALOG_COMPILER_LAUNCHIMAGE_NAME = LaunchImage;
				CLANG_ENABLE_OBJC_ARC = NO;
				CODE_SIGN_IDENTITY = "iPhone Developer";
				"CODE_SIGN_IDENTITY[sdk=iphoneos*]" = "iPhone Developer";
				GCC_PRECOMPILE_PREFIX_HEADER = YES;
				GCC_PREFIX_HEADER = "SwitchTower/SwitchTower-Prefix.pch";
				INFOPLIST_FILE = "SwitchTower/SwitchTower-Info.plist";
				PRODUCT_BUNDLE_IDENTIFIER = "com.blogspot.vasonabranch.${PRODUCT_NAME:rfc1034identifier}";
				PRODUCT_NAME = "$(TARGET_NAME)";
				PROVISIONING_PROFILE = "";
				WRAPPER_EXTENSION = app;
			};
			name = Debug;
		};
		3E81D4CC18BA842A001989A3 /* Release */ = {
			isa = XCBuildConfiguration;
			buildSettings = {
				ASSETCATALOG_COMPILER_APPICON_NAME = AppIcon;
				ASSETCATALOG_COMPILER_LAUNCHIMAGE_NAME = LaunchImage;
				CLANG_ENABLE_OBJC_ARC = NO;
				CODE_SIGN_IDENTITY = "iPhone Developer";
				"CODE_SIGN_IDENTITY[sdk=iphoneos*]" = "iPhone Developer";
				GCC_PRECOMPILE_PREFIX_HEADER = YES;
				GCC_PREFIX_HEADER = "SwitchTower/SwitchTower-Prefix.pch";
				INFOPLIST_FILE = "SwitchTower/SwitchTower-Info.plist";
				PRODUCT_BUNDLE_IDENTIFIER = "com.blogspot.vasonabranch.${PRODUCT_NAME:rfc1034identifier}";
				PRODUCT_NAME = "$(TARGET_NAME)";
				PROVISIONING_PROFILE = "";
				WRAPPER_EXTENSION = app;
			};
			name = Release;
		};
		3E81D4CE18BA842A001989A3 /* Debug */ = {
			isa = XCBuildConfiguration;
			buildSettings = {
				BUNDLE_LOADER = "$(BUILT_PRODUCTS_DIR)/SwitchTower.app/SwitchTower";
				FRAMEWORK_SEARCH_PATHS = (
					"$(SDKROOT)/Developer/Library/Frameworks",
					"$(inherited)",
					"$(DEVELOPER_FRAMEWORKS_DIR)",
				);
				GCC_PRECOMPILE_PREFIX_HEADER = YES;
				GCC_PREFIX_HEADER = "SwitchTower/SwitchTower-Prefix.pch";
				GCC_PREPROCESSOR_DEFINITIONS = (
					"DEBUG=1",
					"$(inherited)",
				);
				INFOPLIST_FILE = "SwitchTowerTests/SwitchTowerTests-Info.plist";
				PRODUCT_BUNDLE_IDENTIFIER = "com.blogspot.vasonabranch.${PRODUCT_NAME:rfc1034identifier}";
				PRODUCT_NAME = "$(TARGET_NAME)";
				TEST_HOST = "$(BUNDLE_LOADER)";
				WRAPPER_EXTENSION = xctest;
			};
			name = Debug;
		};
		3E81D4CF18BA842A001989A3 /* Release */ = {
			isa = XCBuildConfiguration;
			buildSettings = {
				BUNDLE_LOADER = "$(BUILT_PRODUCTS_DIR)/SwitchTower.app/SwitchTower";
				FRAMEWORK_SEARCH_PATHS = (
					"$(SDKROOT)/Developer/Library/Frameworks",
					"$(inherited)",
					"$(DEVELOPER_FRAMEWORKS_DIR)",
				);
				GCC_PRECOMPILE_PREFIX_HEADER = YES;
				GCC_PREFIX_HEADER = "SwitchTower/SwitchTower-Prefix.pch";
				INFOPLIST_FILE = "SwitchTowerTests/SwitchTowerTests-Info.plist";
				PRODUCT_BUNDLE_IDENTIFIER = "com.blogspot.vasonabranch.${PRODUCT_NAME:rfc1034identifier}";
				PRODUCT_NAME = "$(TARGET_NAME)";
				TEST_HOST = "$(BUNDLE_LOADER)";
				WRAPPER_EXTENSION = xctest;
			};
			name = Release;
		};
/* End XCBuildConfiguration section */

/* Begin XCConfigurationList section */
		3E81D49318BA8429001989A3 /* Build configuration list for PBXProject "SwitchTower" */ = {
			isa = XCConfigurationList;
			buildConfigurations = (
				3E81D4C818BA842A001989A3 /* Debug */,
				3E81D4C918BA842A001989A3 /* Release */,
			);
			defaultConfigurationIsVisible = 0;
			defaultConfigurationName = Release;
		};
		3E81D4CA18BA842A001989A3 /* Build configuration list for PBXNativeTarget "SwitchTower" */ = {
			isa = XCConfigurationList;
			buildConfigurations = (
				3E81D4CB18BA842A001989A3 /* Debug */,
				3E81D4CC18BA842A001989A3 /* Release */,
			);
			defaultConfigurationIsVisible = 0;
			defaultConfigurationName = Release;
		};
		3E81D4CD18BA842A001989A3 /* Build configuration list for PBXNativeTarget "SwitchTowerTests" */ = {
			isa = XCConfigurationList;
			buildConfigurations = (
				3E81D4CE18BA842A001989A3 /* Debug */,
				3E81D4CF18BA842A001989A3 /* Release */,
			);
			defaultConfigurationIsVisible = 0;
			defaultConfigurationName = Release;
		};
/* End XCConfigurationList section */
	};
	rootObject = 3E81D49018BA8429001989A3 /* Project object */;
}
